
Microsoft Visual Studio Solution File, Format Version 12.00
# Visual Studio 15
VisualStudioVersion = 15.0.28307.106
MinimumVisualStudioVersion = 10.0.40219.1
Project("{FAE04EC0-301F-11D3-BF4B-00C04F79EFBC}") = "BlockChain", "BlockChain\BlockChain.csproj", "{B8AF6E84-0AA6-4FAC-83FD-25ADE4055947}"
	ProjectSection(ProjectDependencies) = postProject
		{06C992E8-DA94-4749-811A-CE028BCCC1B6} = {06C992E8-DA94-4749-811A-CE028BCCC1B6}
	EndProjectSection
EndProject
Project("{FAE04EC0-301F-11D3-BF4B-00C04F79EFBC}") = "BlockChainLibrary", "BlockChainLibrary\BlockChainLibrary.csproj", "{06C992E8-DA94-4749-811A-CE028BCCC1B6}"
EndProject
Global
	GlobalSection(SolutionConfigurationPlatforms) = preSolution
		Debug|Any CPU = Debug|Any CPU
		Release|Any CPU = Release|Any CPU
	EndGlobalSection
	GlobalSection(ProjectConfigurationPlatforms) = postSolution
		{B8AF6E84-0AA6-4FAC-83FD-25ADE4055947}.Debug|Any CPU.ActiveCfg = Debug|Any CPU
		{B8AF6E84-0AA6-4FAC-83FD-25ADE4055947}.Debug|Any CPU.Build.0 = Debug|Any CPU
		{B8AF6E84-0AA6-4FAC-83FD-25ADE4055947}.Release|Any CPU.ActiveCfg = Release|Any CPU
		{B8AF6E84-0AA6-4FAC-83FD-25ADE4055947}.Release|Any CPU.Build.0 = Release|Any CPU
		{06C992E8-DA94-4749-811A-CE028BCCC1B6}.Debug|Any CPU.ActiveCfg = Debug|Any CPU
		{06C992E8-DA94-4749-811A-CE028BCCC1B6}.Debug|Any CPU.Build.0 = Debug|Any CPU
		{06C992E8-DA94-4749-811A-CE028BCCC1B6}.Release|Any CPU.ActiveCfg = Release|Any CPU
		{06C992E8-DA94-4749-811A-CE028BCCC1B6}.Release|Any CPU.Build.0 = Release|Any CPU
	EndGlobalSection
	GlobalSection(SolutionProperties) = preSolution
		HideSolutionNode = FALSE
	EndGlobalSection
	GlobalSection(ExtensibilityGlobals) = postSolution
		SolutionGuid = {CA8108D1-8633-4309-B9E6-7598EB0C5C18}
	EndGlobalSection
EndGlobal
